
Microsoft Visual Studio Solution File, Format Version 12.00
# Visual Studio 2012
Project("{FAE04EC0-301F-11D3-BF4B-00C04F79EFBC}") = "Glimpse.Nancy", "Glimpse.Nancy\Glimpse.Nancy.csproj", "{329BE88B-CA24-432C-97F4-2D3D878E3065}"
EndProject
Project("{FAE04EC0-301F-11D3-BF4B-00C04F79EFBC}") = "Glimpse.Nancy.TestSite", "Glimpse.Nancy.TestSite\Glimpse.Nancy.TestSite.csproj", "{2413E666-99FE-4BCE-8891-D40A5DC5756A}"
EndProject
Global
	GlobalSection(SolutionConfigurationPlatforms) = preSolution
		Debug|Any CPU = Debug|Any CPU
		Release|Any CPU = Release|Any CPU
	EndGlobalSection
	GlobalSection(ProjectConfigurationPlatforms) = postSolution
		{329BE88B-CA24-432C-97F4-2D3D878E3065}.Debug|Any CPU.ActiveCfg = Debug|Any CPU
		{329BE88B-CA24-432C-97F4-2D3D878E3065}.Debug|Any CPU.Build.0 = Debug|Any CPU
		{329BE88B-CA24-432C-97F4-2D3D878E3065}.Release|Any CPU.ActiveCfg = Release|Any CPU
		{329BE88B-CA24-432C-97F4-2D3D878E3065}.Release|Any CPU.Build.0 = Release|Any CPU
		{2413E666-99FE-4BCE-8891-D40A5DC5756A}.Debug|Any CPU.ActiveCfg = Debug|Any CPU
		{2413E666-99FE-4BCE-8891-D40A5DC5756A}.Debug|Any CPU.Build.0 = Debug|Any CPU
		{2413E666-99FE-4BCE-8891-D40A5DC5756A}.Release|Any CPU.ActiveCfg = Release|Any CPU
		{2413E666-99FE-4BCE-8891-D40A5DC5756A}.Release|Any CPU.Build.0 = Release|Any CPU
	EndGlobalSection
	GlobalSection(SolutionProperties) = preSolution
		HideSolutionNode = FALSE
	EndGlobalSection
EndGlobal
